
Microsoft Visual Studio Solution File, Format Version 12.00
# Visual Studio Version 17
VisualStudioVersion = 17.5.002.0
MinimumVisualStudioVersion = 10.0.40219.1
Project("{2150E333-8FDC-42A3-9474-1A3956D46DE8}") = "csharp-prep", "csharp-prep", "{B4F44D11-264A-42D5-83D8-A743EAA5C4E5}"
EndProject
Project("{9A19103F-16F7-4668-BE54-9A1E7A4F7556}") = "Prep1", "csharp-prep\Prep1\Prep1.csproj", "{83985F11-C8D9-45E9-B2B7-FC68DA4A4695}"
EndProject
Project("{9A19103F-16F7-4668-BE54-9A1E7A4F7556}") = "Prep2", "csharp-prep\Prep2\Prep2.csproj", "{98F159A9-E268-4BB1-A3A0-AF563748B513}"
EndProject
Project("{9A19103F-16F7-4668-BE54-9A1E7A4F7556}") = "Prep3", "csharp-prep\Prep3\Prep3.csproj", "{CF7DFE0B-3BBD-4D36-BB6C-DFC96DAF1E87}"
EndProject
Project("{9A19103F-16F7-4668-BE54-9A1E7A4F7556}") = "Prep4", "csharp-prep\Prep4\Prep4.csproj", "{CCCEF07D-F985-42A9-9E78-36D5A82471E9}"
EndProject
Project("{9A19103F-16F7-4668-BE54-9A1E7A4F7556}") = "Prep5", "csharp-prep\Prep5\Prep5.csproj", "{62C1ABDD-1893-4F59-86DA-E093EB2E68A0}"
EndProject
Project("{2150E333-8FDC-42A3-9474-1A3956D46DE8}") = "final", "final", "{AD4ECF7A-D5F5-4F7F-A81F-872903068570}"
EndProject
Project("{9A19103F-16F7-4668-BE54-9A1E7A4F7556}") = "FinalProject", "final\FinalProject\FinalProject.csproj", "{603F2137-22A7-4272-A1DB-69050F873CCF}"
EndProject
Project("{9A19103F-16F7-4668-BE54-9A1E7A4F7556}") = "Foundation1", "final\Foundation1\Foundation1.csproj", "{F00B8A9D-A059-462A-93E7-51C76C86C8FD}"
EndProject
Project("{9A19103F-16F7-4668-BE54-9A1E7A4F7556}") = "Foundation2", "final\Foundation2\Foundation2.csproj", "{3B618077-BFB8-4431-A207-BC979D24229C}"
EndProject
Project("{9A19103F-16F7-4668-BE54-9A1E7A4F7556}") = "Foundation3", "final\Foundation3\Foundation3.csproj", "{61170E6A-8B4E-4DCA-9FB6-00282696CDD9}"
EndProject
Project("{9A19103F-16F7-4668-BE54-9A1E7A4F7556}") = "Foundation4", "final\Foundation4\Foundation4.csproj", "{59052540-AE4B-43FB-A3EF-B28ADA0888E0}"
EndProject
Project("{2150E333-8FDC-42A3-9474-1A3956D46DE8}") = "prepare", "prepare", "{E92B29FE-8A15-4B91-A489-FAA37CF1415A}"
EndProject
Project("{9A19103F-16F7-4668-BE54-9A1E7A4F7556}") = "Learning02", "prepare\Learning02\Learning02.csproj", "{03428AA6-4322-4C5B-BDD9-C0D494B08878}"
EndProject
Project("{9A19103F-16F7-4668-BE54-9A1E7A4F7556}") = "Learning03", "prepare\Learning03\Learning03.csproj", "{024BBCD2-FB24-46AC-A29E-993C79E4C069}"
EndProject
Project("{9A19103F-16F7-4668-BE54-9A1E7A4F7556}") = "Learning04", "prepare\Learning04\Learning04.csproj", "{084790B4-709E-4C09-9D36-25E4A8FFF4A1}"
EndProject
Project("{9A19103F-16F7-4668-BE54-9A1E7A4F7556}") = "Learning05", "prepare\Learning05\Learning05.csproj", "{0502B41A-3E54-4601-B5B6-8AAF251E89B8}"
EndProject
Project("{2150E333-8FDC-42A3-9474-1A3956D46DE8}") = "prove", "prove", "{C65C8C9D-E90D-4434-A96D-81E89FF1F3F8}"
EndProject
Project("{9A19103F-16F7-4668-BE54-9A1E7A4F7556}") = "Develop02", "prove\Develop02\Develop02.csproj", "{739BB394-7A23-492F-9E08-369A584FC29A}"
EndProject
Project("{9A19103F-16F7-4668-BE54-9A1E7A4F7556}") = "Develop03", "prove\Develop03\Develop03.csproj", "{C5AD3B08-F1F9-4A3C-BA68-EC12A65EBF04}"
EndProject
Project("{9A19103F-16F7-4668-BE54-9A1E7A4F7556}") = "Develop04", "prove\Develop04\Develop04.csproj", "{21CA40C7-0B72-4AE1-A6B9-85E967DC8A76}"
EndProject
Project("{9A19103F-16F7-4668-BE54-9A1E7A4F7556}") = "Develop05", "prove\Develop05\Develop05.csproj", "{35A4B80B-8091-411C-A9F3-EA9058EF1E36}"
EndProject
Project("{2150E333-8FDC-42A3-9474-1A3956D46DE8}") = "sandbox", "sandbox", "{779E2C3F-DB99-4AE9-80B8-BBD744553080}"
EndProject
Project("{9A19103F-16F7-4668-BE54-9A1E7A4F7556}") = "Sandbox", "sandbox\Sandbox\Sandbox.csproj", "{1BB3B3D7-268D-4E87-B937-141EE9AA52FD}"
EndProject
Global
	GlobalSection(SolutionConfigurationPlatforms) = preSolution
		Debug|Any CPU = Debug|Any CPU
		Release|Any CPU = Release|Any CPU
	EndGlobalSection
	GlobalSection(ProjectConfigurationPlatforms) = postSolution
		{83985F11-C8D9-45E9-B2B7-FC68DA4A4695}.Debug|Any CPU.ActiveCfg = Debug|Any CPU
		{83985F11-C8D9-45E9-B2B7-FC68DA4A4695}.Debug|Any CPU.Build.0 = Debug|Any CPU
		{83985F11-C8D9-45E9-B2B7-FC68DA4A4695}.Release|Any CPU.ActiveCfg = Release|Any CPU
		{83985F11-C8D9-45E9-B2B7-FC68DA4A4695}.Release|Any CPU.Build.0 = Release|Any CPU
		{98F159A9-E268-4BB1-A3A0-AF563748B513}.Debug|Any CPU.ActiveCfg = Debug|Any CPU
		{98F159A9-E268-4BB1-A3A0-AF563748B513}.Debug|Any CPU.Build.0 = Debug|Any CPU
		{98F159A9-E268-4BB1-A3A0-AF563748B513}.Release|Any CPU.ActiveCfg = Release|Any CPU
		{98F159A9-E268-4BB1-A3A0-AF563748B513}.Release|Any CPU.Build.0 = Release|Any CPU
		{CF7DFE0B-3BBD-4D36-BB6C-DFC96DAF1E87}.Debug|Any CPU.ActiveCfg = Debug|Any CPU
		{CF7DFE0B-3BBD-4D36-BB6C-DFC96DAF1E87}.Debug|Any CPU.Build.0 = Debug|Any CPU
		{CF7DFE0B-3BBD-4D36-BB6C-DFC96DAF1E87}.Release|Any CPU.ActiveCfg = Release|Any CPU
		{CF7DFE0B-3BBD-4D36-BB6C-DFC96DAF1E87}.Release|Any CPU.Build.0 = Release|Any CPU
		{CCCEF07D-F985-42A9-9E78-36D5A82471E9}.Debug|Any CPU.ActiveCfg = Debug|Any CPU
		{CCCEF07D-F985-42A9-9E78-36D5A82471E9}.Debug|Any CPU.Build.0 = Debug|Any CPU
		{CCCEF07D-F985-42A9-9E78-36D5A82471E9}.Release|Any CPU.ActiveCfg = Release|Any CPU
		{CCCEF07D-F985-42A9-9E78-36D5A82471E9}.Release|Any CPU.Build.0 = Release|Any CPU
		{62C1ABDD-1893-4F59-86DA-E093EB2E68A0}.Debug|Any CPU.ActiveCfg = Debug|Any CPU
		{62C1ABDD-1893-4F59-86DA-E093EB2E68A0}.Debug|Any CPU.Build.0 = Debug|Any CPU
		{62C1ABDD-1893-4F59-86DA-E093EB2E68A0}.Release|Any CPU.ActiveCfg = Release|Any CPU
		{62C1ABDD-1893-4F59-86DA-E093EB2E68A0}.Release|Any CPU.Build.0 = Release|Any CPU
		{603F2137-22A7-4272-A1DB-69050F873CCF}.Debug|Any CPU.ActiveCfg = Debug|Any CPU
		{603F2137-22A7-4272-A1DB-69050F873CCF}.Debug|Any CPU.Build.0 = Debug|Any CPU
		{603F2137-22A7-4272-A1DB-69050F873CCF}.Release|Any CPU.ActiveCfg = Release|Any CPU
		{603F2137-22A7-4272-A1DB-69050F873CCF}.Release|Any CPU.Build.0 = Release|Any CPU
		{F00B8A9D-A059-462A-93E7-51C76C86C8FD}.Debug|Any CPU.ActiveCfg = Debug|Any CPU
		{F00B8A9D-A059-462A-93E7-51C76C86C8FD}.Debug|Any CPU.Build.0 = Debug|Any CPU
		{F00B8A9D-A059-462A-93E7-51C76C86C8FD}.Release|Any CPU.ActiveCfg = Release|Any CPU
		{F00B8A9D-A059-462A-93E7-51C76C86C8FD}.Release|Any CPU.Build.0 = Release|Any CPU
		{3B618077-BFB8-4431-A207-BC979D24229C}.Debug|Any CPU.ActiveCfg = Debug|Any CPU
		{3B618077-BFB8-4431-A207-BC979D24229C}.Debug|Any CPU.Build.0 = Debug|Any CPU
		{3B618077-BFB8-4431-A207-BC979D24229C}.Release|Any CPU.ActiveCfg = Release|Any CPU
		{3B618077-BFB8-4431-A207-BC979D24229C}.Release|Any CPU.Build.0 = Release|Any CPU
		{61170E6A-8B4E-4DCA-9FB6-00282696CDD9}.Debug|Any CPU.ActiveCfg = Debug|Any CPU
		{61170E6A-8B4E-4DCA-9FB6-00282696CDD9}.Debug|Any CPU.Build.0 = Debug|Any CPU
		{61170E6A-8B4E-4DCA-9FB6-00282696CDD9}.Release|Any CPU.ActiveCfg = Release|Any CPU
		{61170E6A-8B4E-4DCA-9FB6-00282696CDD9}.Release|Any CPU.Build.0 = Release|Any CPU
		{59052540-AE4B-43FB-A3EF-B28ADA0888E0}.Debug|Any CPU.ActiveCfg = Debug|Any CPU
		{59052540-AE4B-43FB-A3EF-B28ADA0888E0}.Debug|Any CPU.Build.0 = Debug|Any CPU
		{59052540-AE4B-43FB-A3EF-B28ADA0888E0}.Release|Any CPU.ActiveCfg = Release|Any CPU
		{59052540-AE4B-43FB-A3EF-B28ADA0888E0}.Release|Any CPU.Build.0 = Release|Any CPU
		{03428AA6-4322-4C5B-BDD9-C0D494B08878}.Debug|Any CPU.ActiveCfg = Debug|Any CPU
		{03428AA6-4322-4C5B-BDD9-C0D494B08878}.Debug|Any CPU.Build.0 = Debug|Any CPU
		{03428AA6-4322-4C5B-BDD9-C0D494B08878}.Release|Any CPU.ActiveCfg = Release|Any CPU
		{03428AA6-4322-4C5B-BDD9-C0D494B08878}.Release|Any CPU.Build.0 = Release|Any CPU
		{024BBCD2-FB24-46AC-A29E-993C79E4C069}.Debug|Any CPU.ActiveCfg = Debug|Any CPU
		{024BBCD2-FB24-46AC-A29E-993C79E4C069}.Debug|Any CPU.Build.0 = Debug|Any CPU
		{024BBCD2-FB24-46AC-A29E-993C79E4C069}.Release|Any CPU.ActiveCfg = Release|Any CPU
		{024BBCD2-FB24-46AC-A29E-993C79E4C069}.Release|Any CPU.Build.0 = Release|Any CPU
		{084790B4-709E-4C09-9D36-25E4A8FFF4A1}.Debug|Any CPU.ActiveCfg = Debug|Any CPU
		{084790B4-709E-4C09-9D36-25E4A8FFF4A1}.Debug|Any CPU.Build.0 = Debug|Any CPU
		{084790B4-709E-4C09-9D36-25E4A8FFF4A1}.Release|Any CPU.ActiveCfg = Release|Any CPU
		{084790B4-709E-4C09-9D36-25E4A8FFF4A1}.Release|Any CPU.Build.0 = Release|Any CPU
		{0502B41A-3E54-4601-B5B6-8AAF251E89B8}.Debug|Any CPU.ActiveCfg = Debug|Any CPU
		{0502B41A-3E54-4601-B5B6-8AAF251E89B8}.Debug|Any CPU.Build.0 = Debug|Any CPU
		{0502B41A-3E54-4601-B5B6-8AAF251E89B8}.Release|Any CPU.ActiveCfg = Release|Any CPU
		{0502B41A-3E54-4601-B5B6-8AAF251E89B8}.Release|Any CPU.Build.0 = Release|Any CPU
		{739BB394-7A23-492F-9E08-369A584FC29A}.Debug|Any CPU.ActiveCfg = Debug|Any CPU
		{739BB394-7A23-492F-9E08-369A584FC29A}.Debug|Any CPU.Build.0 = Debug|Any CPU
		{739BB394-7A23-492F-9E08-369A584FC29A}.Release|Any CPU.ActiveCfg = Release|Any CPU
		{739BB394-7A23-492F-9E08-369A584FC29A}.Release|Any CPU.Build.0 = Release|Any CPU
		{C5AD3B08-F1F9-4A3C-BA68-EC12A65EBF04}.Debug|Any CPU.ActiveCfg = Debug|Any CPU
		{C5AD3B08-F1F9-4A3C-BA68-EC12A65EBF04}.Debug|Any CPU.Build.0 = Debug|Any CPU
		{C5AD3B08-F1F9-4A3C-BA68-EC12A65EBF04}.Release|Any CPU.ActiveCfg = Release|Any CPU
		{C5AD3B08-F1F9-4A3C-BA68-EC12A65EBF04}.Release|Any CPU.Build.0 = Release|Any CPU
		{21CA40C7-0B72-4AE1-A6B9-85E967DC8A76}.Debug|Any CPU.ActiveCfg = Debug|Any CPU
		{21CA40C7-0B72-4AE1-A6B9-85E967DC8A76}.Debug|Any CPU.Build.0 = Debug|Any CPU
		{21CA40C7-0B72-4AE1-A6B9-85E967DC8A76}.Release|Any CPU.ActiveCfg = Release|Any CPU
		{21CA40C7-0B72-4AE1-A6B9-85E967DC8A76}.Release|Any CPU.Build.0 = Release|Any CPU
		{35A4B80B-8091-411C-A9F3-EA9058EF1E36}.Debug|Any CPU.ActiveCfg = Debug|Any CPU
		{35A4B80B-8091-411C-A9F3-EA9058EF1E36}.Debug|Any CPU.Build.0 = Debug|Any CPU
		{35A4B80B-8091-411C-A9F3-EA9058EF1E36}.Release|Any CPU.ActiveCfg = Release|Any CPU
		{35A4B80B-8091-411C-A9F3-EA9058EF1E36}.Release|Any CPU.Build.0 = Release|Any CPU
		{1BB3B3D7-268D-4E87-B937-141EE9AA52FD}.Debug|Any CPU.ActiveCfg = Debug|Any CPU
		{1BB3B3D7-268D-4E87-B937-141EE9AA52FD}.Debug|Any CPU.Build.0 = Debug|Any CPU
		{1BB3B3D7-268D-4E87-B937-141EE9AA52FD}.Release|Any CPU.ActiveCfg = Release|Any CPU
		{1BB3B3D7-268D-4E87-B937-141EE9AA52FD}.Release|Any CPU.Build.0 = Release|Any CPU
	EndGlobalSection
	GlobalSection(SolutionProperties) = preSolution
		HideSolutionNode = FALSE
	EndGlobalSection
	GlobalSection(NestedProjects) = preSolution
		{83985F11-C8D9-45E9-B2B7-FC68DA4A4695} = {B4F44D11-264A-42D5-83D8-A743EAA5C4E5}
		{98F159A9-E268-4BB1-A3A0-AF563748B513} = {B4F44D11-264A-42D5-83D8-A743EAA5C4E5}
		{CF7DFE0B-3BBD-4D36-BB6C-DFC96DAF1E87} = {B4F44D11-264A-42D5-83D8-A743EAA5C4E5}
		{CCCEF07D-F985-42A9-9E78-36D5A82471E9} = {B4F44D11-264A-42D5-83D8-A743EAA5C4E5}
		{62C1ABDD-1893-4F59-86DA-E093EB2E68A0} = {B4F44D11-264A-42D5-83D8-A743EAA5C4E5}
		{603F2137-22A7-4272-A1DB-69050F873CCF} = {AD4ECF7A-D5F5-4F7F-A81F-872903068570}
		{F00B8A9D-A059-462A-93E7-51C76C86C8FD} = {AD4ECF7A-D5F5-4F7F-A81F-872903068570}
		{3B618077-BFB8-4431-A207-BC979D24229C} = {AD4ECF7A-D5F5-4F7F-A81F-872903068570}
		{61170E6A-8B4E-4DCA-9FB6-00282696CDD9} = {AD4ECF7A-D5F5-4F7F-A81F-872903068570}
		{59052540-AE4B-43FB-A3EF-B28ADA0888E0} = {AD4ECF7A-D5F5-4F7F-A81F-872903068570}
		{03428AA6-4322-4C5B-BDD9-C0D494B08878} = {E92B29FE-8A15-4B91-A489-FAA37CF1415A}
		{024BBCD2-FB24-46AC-A29E-993C79E4C069} = {E92B29FE-8A15-4B91-A489-FAA37CF1415A}
		{084790B4-709E-4C09-9D36-25E4A8FFF4A1} = {E92B29FE-8A15-4B91-A489-FAA37CF1415A}
		{0502B41A-3E54-4601-B5B6-8AAF251E89B8} = {E92B29FE-8A15-4B91-A489-FAA37CF1415A}
		{739BB394-7A23-492F-9E08-369A584FC29A} = {C65C8C9D-E90D-4434-A96D-81E89FF1F3F8}
		{C5AD3B08-F1F9-4A3C-BA68-EC12A65EBF04} = {C65C8C9D-E90D-4434-A96D-81E89FF1F3F8}
		{21CA40C7-0B72-4AE1-A6B9-85E967DC8A76} = {C65C8C9D-E90D-4434-A96D-81E89FF1F3F8}
		{35A4B80B-8091-411C-A9F3-EA9058EF1E36} = {C65C8C9D-E90D-4434-A96D-81E89FF1F3F8}
		{1BB3B3D7-268D-4E87-B937-141EE9AA52FD} = {779E2C3F-DB99-4AE9-80B8-BBD744553080}
	EndGlobalSection
	GlobalSection(ExtensibilityGlobals) = postSolution
		SolutionGuid = {8BC7C08E-013E-4CBB-97B1-4ECC1E0EF8FC}
	EndGlobalSection
EndGlobal
